dependencies:
  idf:
    source:
      type: idf
    version: 5.5.2
  lvgl/lvgl:
    component_hash: 17e68bfd21f0edf4c3ee838e2273da840bf3930e5dbc3bfa6c1190c3aed41f9f
    dependencies: []
    source:
      registry_url: https://components.espressif.com/
      type: service
    version: 9.4.0
  m5stack/m5gfx:
    component_hash: 4c420c89ae7bfe33231dab80b784f4508591279b2a3a935ac849dddb1942d0d5
    dependencies: []
    source:
      registry_url: https://components.espressif.com
      type: service
    version: 0.2.17
  m5stack/m5unified:
    component_hash: 1c75bb80654da6c7fcdd11ef7a1cb9b7d6db2e98f96612a4babf12b5e9bc7196
    dependencies:
    - name: m5stack/m5gfx
      registry_url: https://components.espressif.com
      require: private
      version: ^0.2.17
    source:
      registry_url: https://components.espressif.com/
      type: service
    version: 0.2.11
direct_dependencies:
- lvgl/lvgl
- m5stack/m5unified
manifest_hash: c53c56e20c0dcbde4a4f280e13bb1e294704f0d1f5cad563cba93181c112803f
target: esp32s3
version: 2.0.0
